# Code generated by scarb DO NOT EDIT.
version = 1

[[package]]
name = "alexandria_macros"
version = "0.5.0"
source = "git+https://github.com/keep-starknet-strange/alexandria/?tag=v0.5.0#adf6c44f5c0f8a7fdca30ffb8f1cc79207cb4ae8"

[[package]]
name = "amma_blobert"
version = "0.15.0"
dependencies = [
 "dojo",
 "dojo_macros",
 "openzeppelin_access",
 "openzeppelin_introspection",
 "openzeppelin_token",
 "openzeppelin_upgrades",
 "sai_access",
 "sai_token",
 "torii_beacon",
 "torii_beacon_macros",
]

[[package]]
name = "arena_blobert"
version = "0.15.0"
dependencies = [
 "blobert",
 "dojo",
 "dojo_macros",
 "openzeppelin_access",
 "openzeppelin_introspection",
 "openzeppelin_token",
 "openzeppelin_upgrades",
 "sai_access",
 "sai_token",
 "torii_beacon",
 "torii_beacon_macros",
]

[[package]]
name = "ba_loadout"
version = "0.15.0"
dependencies = [
 "alexandria_macros",
 "dojo",
 "dojo_macros",
 "sai_access",
 "sai_core_utils",
 "torii_beacon",
 "torii_beacon_macros",
]

[[package]]
name = "blob_arena"
version = "0.15.0"
dependencies = [
 "amma_blobert",
 "arena_blobert",
 "ba_loadout",
 "blobert",
]

[[package]]
name = "blobert"
version = "0.15.0"
dependencies = [
 "dojo",
 "dojo_macros",
]

[[package]]
name = "dojo"
version = "1.6.0-alpha.1"
source = "git+https://github.com/dojoengine/dojo#c876437d20b101e051656fa846288340b65612bc"
dependencies = [
 "dojo_macros",
]

[[package]]
name = "dojo_macros"
version = "1.6.0-alpha.1"
source = "git+https://github.com/dojoengine/dojo#c876437d20b101e051656fa846288340b65612bc"

[[package]]
name = "openzeppelin_access"
version = "2.0.0"
source = "registry+https://scarbs.xyz/"
checksum = "sha256:511681dd26d814ee2bc996d44ff8cb4aaa5ae9d14272130def7eb901cf004850"
dependencies = [
 "openzeppelin_introspection",
]

[[package]]
name = "openzeppelin_account"
version = "2.0.0"
source = "registry+https://scarbs.xyz/"
checksum = "sha256:fb3381c50d68b028d3801feb43df378e2bd62137b6884844f8f60aefe796188b"
dependencies = [
 "openzeppelin_introspection",
 "openzeppelin_utils",
]

[[package]]
name = "openzeppelin_introspection"
version = "2.0.0"
source = "registry+https://scarbs.xyz/"
checksum = "sha256:87773ed6cd2318f169283ecbbb161890d1996260a80302d81ec45b70ee5e54c1"

[[package]]
name = "openzeppelin_token"
version = "2.0.0"
source = "registry+https://scarbs.xyz/"
checksum = "sha256:6fe61f63b5a6706018265fb7373b6e5bd3ff829bdc760b2b90296b1e708d180c"
dependencies = [
 "openzeppelin_access",
 "openzeppelin_account",
 "openzeppelin_introspection",
 "openzeppelin_utils",
]

[[package]]
name = "openzeppelin_upgrades"
version = "2.0.0"
source = "registry+https://scarbs.xyz/"
checksum = "sha256:560d57a9c3f3ec5a476e82fec8963c93c8df63a4ff9ff134f64ab8383bde3c61"

[[package]]
name = "openzeppelin_utils"
version = "2.0.0"
source = "registry+https://scarbs.xyz/"
checksum = "sha256:bf799c794139837f397975ffdf6a7ed5032d198bbf70e87a8f44f144a9dfc505"

[[package]]
name = "sai_access"
version = "0.1.0"
source = "git+https://github.com/sai-starknet/cairo-utils?branch=cairo-2.11.4#ef1fa4bd72ade1e8f38fc84646d6422f09821df2"

[[package]]
name = "sai_core_utils"
version = "0.1.0"
source = "git+https://github.com/sai-starknet/cairo-utils?branch=cairo-2.11.4#ef1fa4bd72ade1e8f38fc84646d6422f09821df2"

[[package]]
name = "sai_token"
version = "0.1.0"
source = "git+https://github.com/sai-starknet/cairo-utils?branch=cairo-2.11.4#ef1fa4bd72ade1e8f38fc84646d6422f09821df2"
dependencies = [
 "openzeppelin_introspection",
 "openzeppelin_token",
]

[[package]]
name = "torii_beacon"
version = "1.6.0-rc.0"
source = "git+https://github.com/sai-starknet/torii-beacon?branch=1.7.0-rc.0#52b11d053af18d7c02abff569817a31e0e27efb6"
dependencies = [
 "dojo",
 "dojo_macros",
 "sai_access",
 "sai_core_utils",
]

[[package]]
name = "torii_beacon_macros"
version = "0.1.0"
source = "git+https://github.com/sai-starknet/torii-beacon?branch=1.7.0-rc.0#52b11d053af18d7c02abff569817a31e0e27efb6"
