# Code generated by scarb DO NOT EDIT.
version = 1

[[package]]
name = "alexandria_data_structures"
version = "0.2.0"
source = "git+https://github.com/keep-starknet-strange/alexandria.git?tag=cairo-v2.6.0#946e6e2f9d390ad9f345882a352c0dd6f02ef3ad"
dependencies = [
 "alexandria_encoding",
]

[[package]]
name = "alexandria_encoding"
version = "0.1.0"
source = "git+https://github.com/keep-starknet-strange/alexandria.git?tag=cairo-v2.6.0#946e6e2f9d390ad9f345882a352c0dd6f02ef3ad"
dependencies = [
 "alexandria_math",
 "alexandria_numeric",
]

[[package]]
name = "alexandria_math"
version = "0.2.0"
source = "git+https://github.com/keep-starknet-strange/alexandria.git?tag=cairo-v2.6.0#946e6e2f9d390ad9f345882a352c0dd6f02ef3ad"
dependencies = [
 "alexandria_data_structures",
]

[[package]]
name = "alexandria_numeric"
version = "0.1.0"
source = "git+https://github.com/keep-starknet-strange/alexandria.git?tag=cairo-v2.6.0#946e6e2f9d390ad9f345882a352c0dd6f02ef3ad"
dependencies = [
 "alexandria_math",
]

[[package]]
name = "blob_arena"
version = "0.1.0"
dependencies = [
 "alexandria_math",
 "dojo",
]

[[package]]
name = "dojo"
version = "0.7.0"
source = "git+https://github.com/dojoengine/dojo?tag=v0.7.0#34b13caa785c1149558d28f1a9d9fbd700c4aa2d"
dependencies = [
 "dojo_plugin",
]

[[package]]
name = "dojo_plugin"
version = "0.3.11"
source = "git+https://github.com/dojoengine/dojo?tag=v0.3.11#1e651b5d4d3b79b14a7d8aa29a92062fcb9e6659"
